{
    "_meta": {
        "hash": {
            "sha256": "960cdc2fafeaa439abae4ddb5a30f17831e737b1fafdf7e62aa1ca9618449c14"
        },
        "pipfile-spec": 6,
        "requires": {
            "python_version": "3.11.3"
        },
        "sources": [
            {
                "name": "pypi",
                "url": "https://pypi.org/simple",
                "verify_ssl": true
            }
        ]
    },
    "default": {},
    "develop": {
        "iniconfig": {
            "hashes": [
                "sha256:2d91e135bf72d31a410b17c16da610a82cb55f6b0477d1a902134b24a455b8b3",
                "sha256:b6a85871a79d2e3b22d2d1b94ac2824226a63c6b741c88f7ae975f18b6778374"
            ],
            "markers": "python_version >= '3.7'",
            "version": "==2.0.0"
        },
        "packaging": {
            "hashes": [
                "sha256:994793af429502c4ea2ebf6bf664629d07c1a9fe974af92966e4b8d2df7edc61",
                "sha256:a392980d2b6cffa644431898be54b0045151319d1e7ec34f0cfed48767dd334f"
            ],
            "markers": "python_version >= '3.7'",
            "version": "==23.1"
        },
        "pluggy": {
            "hashes": [
                "sha256:c500b592c5512df35622e4faf2135aa0b7e989c7d31344194b4afb9d5e47b1bf",
                "sha256:d81d19a3a88d82ed06998353ce5d5c02587ef07ee2d808ae63904ab0ccef0087"
            ],
            "markers": "python_version >= '3.7'",
            "version": "==1.1.0"
        },
        "pytest": {
            "hashes": [
                "sha256:cdcbd012c9312258922f8cd3f1b62a6580fdced17db6014896053d47cddf9295",
                "sha256:ee990a3cc55ba808b80795a79944756f315c67c12b56abd3ac993a7b8c17030b"
            ],
            "index": "pypi",
            "version": "==7.3.2"
        }
    }
}
